// !$*UTF8*$!
{
	archiveVersion = 1;
	classes = {
	};
	objectVersion = 55;
	objects = {

/* Begin PBXBuildFile section */
		13B76223EF7061190DEA1F14 /* LaunchScreen.storyboard in Resources */ = {isa = PBXBuildFile; fileRef = 29CA21155E4FADD4E207C7C2 /* LaunchScreen.storyboard */; };
		18736D1230C9139B5F2922FD /* TuistBundle+BookSeriesApp.swift in Sources */ = {isa = PBXBuildFile; fileRef = 4EE341096DDF51424CD6FF6B /* TuistBundle+BookSeriesApp.swift */; };
		A7FEDAD2924854C9FA56E8A9 /* Assets.xcassets in Resources */ = {isa = PBXBuildFile; fileRef = E064754D41E056DD4A273237 /* Assets.xcassets */; };
		AFB1A32883DA3F91A5CED16A /* TuistAssets+BookSeriesApp.swift in Sources */ = {isa = PBXBuildFile; fileRef = 84FA268CFBD7E122D85F08C0 /* TuistAssets+BookSeriesApp.swift */; };
		C2CD01B0142A6CCD691AA031 /* SceneDelegate.swift in Sources */ = {isa = PBXBuildFile; fileRef = 9FC38983D059E3271D7ECD98 /* SceneDelegate.swift */; };
		C4E20E17F873A3609C97F2E1 /* AppDelegate.swift in Sources */ = {isa = PBXBuildFile; fileRef = 2E3910BCB0307889D83331A2 /* AppDelegate.swift */; };
/* End PBXBuildFile section */

/* Begin PBXCopyFilesBuildPhase section */
		15D446B5AA26B0E5895FCB7A /* Embed Frameworks */ = {
			isa = PBXCopyFilesBuildPhase;
			buildActionMask = 2147483647;
			dstPath = "";
			dstSubfolderSpec = 10;
			files = (
			);
			name = "Embed Frameworks";
			runOnlyForDeploymentPostprocessing = 0;
		};
/* End PBXCopyFilesBuildPhase section */

/* Begin PBXFileReference section */
		2E3910BCB0307889D83331A2 /* AppDelegate.swift */ = {isa = PBXFileReference; lastKnownFileType = sourcecode.swift; path = AppDelegate.swift; sourceTree = "<group>"; };
		35E911B9DFD960DD5B93203B /* BookSeriesApp.app */ = {isa = PBXFileReference; explicitFileType = wrapper.application; includeInIndex = 0; path = BookSeriesApp.app; sourceTree = BUILT_PRODUCTS_DIR; };
		4EE341096DDF51424CD6FF6B /* TuistBundle+BookSeriesApp.swift */ = {isa = PBXFileReference; lastKnownFileType = sourcecode.swift; path = "TuistBundle+BookSeriesApp.swift"; sourceTree = "<group>"; };
		84FA268CFBD7E122D85F08C0 /* TuistAssets+BookSeriesApp.swift */ = {isa = PBXFileReference; lastKnownFileType = sourcecode.swift; path = "TuistAssets+BookSeriesApp.swift"; sourceTree = "<group>"; };
		9FC38983D059E3271D7ECD98 /* SceneDelegate.swift */ = {isa = PBXFileReference; lastKnownFileType = sourcecode.swift; path = SceneDelegate.swift; sourceTree = "<group>"; };
		CC477DB447FE5C0A51900B1C /* BookSeriesApp-Info.plist */ = {isa = PBXFileReference; lastKnownFileType = text.plist; path = "BookSeriesApp-Info.plist"; sourceTree = "<group>"; };
		E064754D41E056DD4A273237 /* Assets.xcassets */ = {isa = PBXFileReference; lastKnownFileType = folder.assetcatalog; path = Assets.xcassets; sourceTree = "<group>"; };
		E2EADE1E4B12354E35089CF5 /* Base */ = {isa = PBXFileReference; lastKnownFileType = file.storyboard; name = Base; path = Base.lproj/LaunchScreen.storyboard; sourceTree = "<group>"; };
/* End PBXFileReference section */

/* Begin PBXFrameworksBuildPhase section */
		BA0D9833B667D482EFD65AF6 /* Frameworks */ = {
			isa = PBXFrameworksBuildPhase;
			buildActionMask = 2147483647;
			files = (
			);
			runOnlyForDeploymentPostprocessing = 0;
		};
/* End PBXFrameworksBuildPhase section */

/* Begin PBXGroup section */
		1A5FD65708218F04C4528603 /* InfoPlists */ = {
			isa = PBXGroup;
			children = (
				CC477DB447FE5C0A51900B1C /* BookSeriesApp-Info.plist */,
			);
			path = InfoPlists;
			sourceTree = "<group>";
		};
		51A2277B1AE114B5DDC0B33B /* Sources */ = {
			isa = PBXGroup;
			children = (
				84FA268CFBD7E122D85F08C0 /* TuistAssets+BookSeriesApp.swift */,
				4EE341096DDF51424CD6FF6B /* TuistBundle+BookSeriesApp.swift */,
			);
			path = Sources;
			sourceTree = "<group>";
		};
		58293C39C97E7A7368CFBB4A /* Project */ = {
			isa = PBXGroup;
			children = (
				8ED2D2488AFC91113114B699 /* Derived */,
				B85155C80A13AC816ABCB222 /* Resources */,
				D92232527E3AA808BFCDB725 /* Sources */,
			);
			name = Project;
			sourceTree = "<group>";
		};
		80744725C30FE0BDFDA1ED11 /* Products */ = {
			isa = PBXGroup;
			children = (
				35E911B9DFD960DD5B93203B /* BookSeriesApp.app */,
			);
			name = Products;
			sourceTree = "<group>";
		};
		8ED2D2488AFC91113114B699 /* Derived */ = {
			isa = PBXGroup;
			children = (
				1A5FD65708218F04C4528603 /* InfoPlists */,
				51A2277B1AE114B5DDC0B33B /* Sources */,
			);
			path = Derived;
			sourceTree = "<group>";
		};
		B85155C80A13AC816ABCB222 /* Resources */ = {
			isa = PBXGroup;
			children = (
				29CA21155E4FADD4E207C7C2 /* LaunchScreen.storyboard */,
				E064754D41E056DD4A273237 /* Assets.xcassets */,
			);
			path = Resources;
			sourceTree = "<group>";
		};
		BEAE6B0433112E278641C1FA = {
			isa = PBXGroup;
			children = (
				58293C39C97E7A7368CFBB4A /* Project */,
				80744725C30FE0BDFDA1ED11 /* Products */,
			);
			sourceTree = "<group>";
		};
		D92232527E3AA808BFCDB725 /* Sources */ = {
			isa = PBXGroup;
			children = (
				2E3910BCB0307889D83331A2 /* AppDelegate.swift */,
				9FC38983D059E3271D7ECD98 /* SceneDelegate.swift */,
			);
			path = Sources;
			sourceTree = "<group>";
		};
/* End PBXGroup section */

/* Begin PBXNativeTarget section */
		822E752BCB562800C2F2D237 /* BookSeriesApp */ = {
			isa = PBXNativeTarget;
			buildConfigurationList = D05E3DF6D0305B3C91BA4AB0 /* Build configuration list for PBXNativeTarget "BookSeriesApp" */;
			buildPhases = (
				F89826E101D09DB4436FE3DB /* Sources */,
				A2522B10F0B2C561DA366E31 /* Resources */,
				BA0D9833B667D482EFD65AF6 /* Frameworks */,
				15D446B5AA26B0E5895FCB7A /* Embed Frameworks */,
			);
			buildRules = (
			);
			dependencies = (
			);
			name = BookSeriesApp;
			packageProductDependencies = (
			);
			productName = BookSeriesApp;
			productReference = 35E911B9DFD960DD5B93203B /* BookSeriesApp.app */;
			productType = "com.apple.product-type.application";
		};
/* End PBXNativeTarget section */

/* Begin PBXProject section */
		525C677A59DE6E5F37CC71DA /* Project object */ = {
			isa = PBXProject;
			attributes = {
				BuildIndependentTargetsInParallel = YES;
				TargetAttributes = {
				};
			};
			buildConfigurationList = B7145A2F94CA090C6BE3B21A /* Build configuration list for PBXProject "BookSeriesApp" */;
			compatibilityVersion = "Xcode 14.0";
			developmentRegion = en;
			hasScannedForEncodings = 0;
			knownRegions = (
				Base,
				en,
			);
			mainGroup = BEAE6B0433112E278641C1FA;
			productRefGroup = 80744725C30FE0BDFDA1ED11 /* Products */;
			projectDirPath = "";
			projectRoot = "";
			targets = (
				822E752BCB562800C2F2D237 /* BookSeriesApp */,
			);
		};
/* End PBXProject section */

/* Begin PBXResourcesBuildPhase section */
		A2522B10F0B2C561DA366E31 /* Resources */ = {
			isa = PBXResourcesBuildPhase;
			buildActionMask = 2147483647;
			files = (
				A7FEDAD2924854C9FA56E8A9 /* Assets.xcassets in Resources */,
				13B76223EF7061190DEA1F14 /* LaunchScreen.storyboard in Resources */,
			);
			runOnlyForDeploymentPostprocessing = 0;
		};
/* End PBXResourcesBuildPhase section */

/* Begin PBXSourcesBuildPhase section */
		F89826E101D09DB4436FE3DB /* Sources */ = {
			isa = PBXSourcesBuildPhase;
			buildActionMask = 2147483647;
			files = (
				AFB1A32883DA3F91A5CED16A /* TuistAssets+BookSeriesApp.swift in Sources */,
				18736D1230C9139B5F2922FD /* TuistBundle+BookSeriesApp.swift in Sources */,
				C4E20E17F873A3609C97F2E1 /* AppDelegate.swift in Sources */,
				C2CD01B0142A6CCD691AA031 /* SceneDelegate.swift in Sources */,
			);
			runOnlyForDeploymentPostprocessing = 0;
		};
/* End PBXSourcesBuildPhase section */

/* Begin PBXVariantGroup section */
		29CA21155E4FADD4E207C7C2 /* LaunchScreen.storyboard */ = {
			isa = PBXVariantGroup;
			children = (
				E2EADE1E4B12354E35089CF5 /* Base */,
			);
			name = LaunchScreen.storyboard;
			sourceTree = "<group>";
		};
/* End PBXVariantGroup section */

/* Begin XCBuildConfiguration section */
		37B8E58E8CF81E44D69D5606 /* Release */ = {
			isa = XCBuildConfiguration;
			buildSettings = {
				ASSETCATALOG_COMPILER_APPICON_NAME = AppIcon;
				ASSETCATALOG_COMPILER_GLOBAL_ACCENT_COLOR_NAME = AccentColor;
				CODE_SIGN_IDENTITY = "iPhone Developer";
				ENABLE_PREVIEWS = YES;
				INFOPLIST_FILE = "Derived/InfoPlists/BookSeriesApp-Info.plist";
				LD_RUNPATH_SEARCH_PATHS = (
					"$(inherited)",
					"@executable_path/Frameworks",
				);
				PRODUCT_BUNDLE_IDENTIFIER = com.testdev.bookseriesapp;
				PRODUCT_NAME = BookSeriesApp;
				SDKROOT = iphoneos;
				SUPPORTS_MACCATALYST = NO;
				SUPPORTS_MAC_DESIGNED_FOR_IPHONE_IPAD = YES;
				SUPPORTS_XR_DESIGNED_FOR_IPHONE_IPAD = NO;
				SWIFT_COMPILATION_MODE = wholemodule;
				SWIFT_OPTIMIZATION_LEVEL = "-O";
				SWIFT_VERSION = 5.0;
				TARGETED_DEVICE_FAMILY = "1,2";
			};
			name = Release;
		};
		56F8155B4C5EA4C2AD4B5E14 /* Debug */ = {
			isa = XCBuildConfiguration;
			buildSettings = {
				ALWAYS_SEARCH_USER_PATHS = NO;
				CLANG_ANALYZER_LOCALIZABILITY_NONLOCALIZED = YES;
				CLANG_ANALYZER_NONNULL = YES;
				CLANG_ANALYZER_NUMBER_OBJECT_CONVERSION = YES_AGGRESSIVE;
				CLANG_CXX_LANGUAGE_STANDARD = "gnu++14";
				CLANG_CXX_LIBRARY = "libc++";
				CLANG_ENABLE_MODULES = YES;
				CLANG_ENABLE_OBJC_ARC = YES;
				CLANG_ENABLE_OBJC_WEAK = YES;
				CLANG_WARN_BLOCK_CAPTURE_AUTORELEASING = YES;
				CLANG_WARN_BOOL_CONVERSION = YES;
				CLANG_WARN_COMMA = YES;
				CLANG_WARN_CONSTANT_CONVERSION = YES;
				CLANG_WARN_DEPRECATED_OBJC_IMPLEMENTATIONS = YES;
				CLANG_WARN_DIRECT_OBJC_ISA_USAGE = YES_ERROR;
				CLANG_WARN_DOCUMENTATION_COMMENTS = YES;
				CLANG_WARN_EMPTY_BODY = YES;
				CLANG_WARN_ENUM_CONVERSION = YES;
				CLANG_WARN_INFINITE_RECURSION = YES;
				CLANG_WARN_INT_CONVERSION = YES;
				CLANG_WARN_NON_LITERAL_NULL_CONVERSION = YES;
				CLANG_WARN_OBJC_IMPLICIT_RETAIN_SELF = YES;
				CLANG_WARN_OBJC_LITERAL_CONVERSION = YES;
				CLANG_WARN_OBJC_ROOT_CLASS = YES_ERROR;
				CLANG_WARN_QUOTED_INCLUDE_IN_FRAMEWORK_HEADER = YES;
				CLANG_WARN_RANGE_LOOP_ANALYSIS = YES;
				CLANG_WARN_STRICT_PROTOTYPES = YES;
				CLANG_WARN_SUSPICIOUS_MOVE = YES;
				CLANG_WARN_UNGUARDED_AVAILABILITY = YES_AGGRESSIVE;
				CLANG_WARN_UNREACHABLE_CODE = YES;
				CLANG_WARN__DUPLICATE_METHOD_MATCH = YES;
				COPY_PHASE_STRIP = NO;
				DEAD_CODE_STRIPPING = YES;
				DEBUG_INFORMATION_FORMAT = dwarf;
				ENABLE_STRICT_OBJC_MSGSEND = YES;
				ENABLE_TESTABILITY = YES;
				GCC_C_LANGUAGE_STANDARD = gnu11;
				GCC_DYNAMIC_NO_PIC = NO;
				GCC_NO_COMMON_BLOCKS = YES;
				GCC_OPTIMIZATION_LEVEL = 0;
				GCC_PREPROCESSOR_DEFINITIONS = (
					"DEBUG=1",
					"$(inherited)",
				);
				GCC_WARN_64_TO_32_BIT_CONVERSION = YES;
				GCC_WARN_ABOUT_RETURN_TYPE = YES_ERROR;
				GCC_WARN_UNDECLARED_SELECTOR = YES;
				GCC_WARN_UNINITIALIZED_AUTOS = YES_AGGRESSIVE;
				GCC_WARN_UNUSED_FUNCTION = YES;
				GCC_WARN_UNUSED_VARIABLE = YES;
				MTL_ENABLE_DEBUG_INFO = YES;
				ONLY_ACTIVE_ARCH = YES;
				PRODUCT_NAME = "$(TARGET_NAME)";
			};
			name = Debug;
		};
		A05C0B0F6F71D818C48CF0AC /* Release */ = {
			isa = XCBuildConfiguration;
			buildSettings = {
				ALWAYS_SEARCH_USER_PATHS = NO;
				CLANG_ANALYZER_LOCALIZABILITY_NONLOCALIZED = YES;
				CLANG_ANALYZER_NONNULL = YES;
				CLANG_ANALYZER_NUMBER_OBJECT_CONVERSION = YES_AGGRESSIVE;
				CLANG_CXX_LANGUAGE_STANDARD = "gnu++14";
				CLANG_CXX_LIBRARY = "libc++";
				CLANG_ENABLE_MODULES = YES;
				CLANG_ENABLE_OBJC_ARC = YES;
				CLANG_ENABLE_OBJC_WEAK = YES;
				CLANG_WARN_BLOCK_CAPTURE_AUTORELEASING = YES;
				CLANG_WARN_BOOL_CONVERSION = YES;
				CLANG_WARN_COMMA = YES;
				CLANG_WARN_CONSTANT_CONVERSION = YES;
				CLANG_WARN_DEPRECATED_OBJC_IMPLEMENTATIONS = YES;
				CLANG_WARN_DIRECT_OBJC_ISA_USAGE = YES_ERROR;
				CLANG_WARN_DOCUMENTATION_COMMENTS = YES;
				CLANG_WARN_EMPTY_BODY = YES;
				CLANG_WARN_ENUM_CONVERSION = YES;
				CLANG_WARN_INFINITE_RECURSION = YES;
				CLANG_WARN_INT_CONVERSION = YES;
				CLANG_WARN_NON_LITERAL_NULL_CONVERSION = YES;
				CLANG_WARN_OBJC_IMPLICIT_RETAIN_SELF = YES;
				CLANG_WARN_OBJC_LITERAL_CONVERSION = YES;
				CLANG_WARN_OBJC_ROOT_CLASS = YES_ERROR;
				CLANG_WARN_QUOTED_INCLUDE_IN_FRAMEWORK_HEADER = YES;
				CLANG_WARN_RANGE_LOOP_ANALYSIS = YES;
				CLANG_WARN_STRICT_PROTOTYPES = YES;
				CLANG_WARN_SUSPICIOUS_MOVE = YES;
				CLANG_WARN_UNGUARDED_AVAILABILITY = YES_AGGRESSIVE;
				CLANG_WARN_UNREACHABLE_CODE = YES;
				CLANG_WARN__DUPLICATE_METHOD_MATCH = YES;
				COPY_PHASE_STRIP = NO;
				DEAD_CODE_STRIPPING = YES;
				DEBUG_INFORMATION_FORMAT = "dwarf-with-dsym";
				ENABLE_NS_ASSERTIONS = NO;
				ENABLE_STRICT_OBJC_MSGSEND = YES;
				GCC_C_LANGUAGE_STANDARD = gnu11;
				GCC_NO_COMMON_BLOCKS = YES;
				GCC_WARN_64_TO_32_BIT_CONVERSION = YES;
				GCC_WARN_ABOUT_RETURN_TYPE = YES_ERROR;
				GCC_WARN_UNDECLARED_SELECTOR = YES;
				GCC_WARN_UNINITIALIZED_AUTOS = YES_AGGRESSIVE;
				GCC_WARN_UNUSED_FUNCTION = YES;
				GCC_WARN_UNUSED_VARIABLE = YES;
				MTL_ENABLE_DEBUG_INFO = NO;
				PRODUCT_NAME = "$(TARGET_NAME)";
				VALIDATE_PRODUCT = YES;
			};
			name = Release;
		};
		FB95A333C50CD2661992FF97 /* Debug */ = {
			isa = XCBuildConfiguration;
			buildSettings = {
				ASSETCATALOG_COMPILER_APPICON_NAME = AppIcon;
				ASSETCATALOG_COMPILER_GLOBAL_ACCENT_COLOR_NAME = AccentColor;
				CODE_SIGN_IDENTITY = "iPhone Developer";
				ENABLE_PREVIEWS = YES;
				INFOPLIST_FILE = "Derived/InfoPlists/BookSeriesApp-Info.plist";
				LD_RUNPATH_SEARCH_PATHS = (
					"$(inherited)",
					"@executable_path/Frameworks",
				);
				PRODUCT_BUNDLE_IDENTIFIER = com.testdev.bookseriesapp;
				PRODUCT_NAME = BookSeriesApp;
				SDKROOT = iphoneos;
				SUPPORTS_MACCATALYST = NO;
				SUPPORTS_MAC_DESIGNED_FOR_IPHONE_IPAD = YES;
				SUPPORTS_XR_DESIGNED_FOR_IPHONE_IPAD = NO;
				SWIFT_ACTIVE_COMPILATION_CONDITIONS = (
					"$(inherited)",
					DEBUG,
				);
				SWIFT_COMPILATION_MODE = singlefile;
				SWIFT_OPTIMIZATION_LEVEL = "-Onone";
				SWIFT_VERSION = 5.0;
				TARGETED_DEVICE_FAMILY = "1,2";
			};
			name = Debug;
		};
/* End XCBuildConfiguration section */

/* Begin XCConfigurationList section */
		B7145A2F94CA090C6BE3B21A /* Build configuration list for PBXProject "BookSeriesApp" */ = {
			isa = XCConfigurationList;
			buildConfigurations = (
				56F8155B4C5EA4C2AD4B5E14 /* Debug */,
				A05C0B0F6F71D818C48CF0AC /* Release */,
			);
			defaultConfigurationIsVisible = 0;
			defaultConfigurationName = Release;
		};
		D05E3DF6D0305B3C91BA4AB0 /* Build configuration list for PBXNativeTarget "BookSeriesApp" */ = {
			isa = XCConfigurationList;
			buildConfigurations = (
				FB95A333C50CD2661992FF97 /* Debug */,
				37B8E58E8CF81E44D69D5606 /* Release */,
			);
			defaultConfigurationIsVisible = 0;
			defaultConfigurationName = Release;
		};
/* End XCConfigurationList section */
	};
	rootObject = 525C677A59DE6E5F37CC71DA /* Project object */;
}
